// !$*UTF8*$!
{
	archiveVersion = 1;
	classes = {
	};
	objectVersion = 46;
	objects = {

/* Begin PBXBuildFile section */
		1E1F45071B37F98300173880 /* main.m in Sources */ = {isa = PBXBuildFile; fileRef = 1E1F45061B37F98300173880 /* main.m */; };
		1E1F450A1B37F98300173880 /* AppDelegate.m in Sources */ = {isa = PBXBuildFile; fileRef = 1E1F45091B37F98300173880 /* AppDelegate.m */; };
		1E1F450D1B37F98300173880 /* ViewController.m in Sources */ = {isa = PBXBuildFile; fileRef = 1E1F450C1B37F98300173880 /* ViewController.m */; };
		1E1F45101B37F98300173880 /* Main.storyboard in Resources */ = {isa = PBXBuildFile; fileRef = 1E1F450E1B37F98300173880 /* Main.storyboard */; };
		1E1F45121B37F98300173880 /* Images.xcassets in Resources */ = {isa = PBXBuildFile; fileRef = 1E1F45111B37F98300173880 /* Images.xcassets */; };
		1E1F45151B37F98300173880 /* LaunchScreen.xib in Resources */ = {isa = PBXBuildFile; fileRef = 1E1F45131B37F98300173880 /* LaunchScreen.xib */; };
		1E1F45211B37F98300173880 /* NiceCellDemoTests.m in Sources */ = {isa = PBXBuildFile; fileRef = 1E1F45201B37F98300173880 /* NiceCellDemoTests.m */; };
/* End PBXBuildFile section */

/* Begin PBXContainerItemProxy section */
		1E1F451B1B37F98300173880 /* PBXContainerItemProxy */ = {
			isa = PBXContainerItemProxy;
			containerPortal = 1E1F44F91B37F98300173880 /* Project object */;
			proxyType = 1;
			remoteGlobalIDString = 1E1F45001B37F98300173880;
			remoteInfo = NiceCellDemo;
		};
/* End PBXContainerItemProxy section */

/* Begin PBXFileReference section */
		1E1F45011B37F98300173880 /* NiceCellDemo.app */ = {isa = PBXFileReference; explicitFileType = wrapper.application; includeInIndex = 0; path = NiceCellDemo.app; sourceTree = BUILT_PRODUCTS_DIR; };
		1E1F45051B37F98300173880 /* Info.plist */ = {isa = PBXFileReference; lastKnownFileType = text.plist.xml; path = Info.plist; sourceTree = "<group>"; };
		1E1F45061B37F98300173880 /* main.m */ = {isa = PBXFileReference; lastKnownFileType = sourcecode.c.objc; path = main.m; sourceTree = "<group>"; };
		1E1F45081B37F98300173880 /* AppDelegate.h */ = {isa = PBXFileReference; lastKnownFileType = sourcecode.c.h; path = AppDelegate.h; sourceTree = "<group>"; };
		1E1F45091B37F98300173880 /* AppDelegate.m */ = {isa = PBXFileReference; lastKnownFileType = sourcecode.c.objc; path = AppDelegate.m; sourceTree = "<group>"; };
		1E1F450B1B37F98300173880 /* ViewController.h */ = {isa = PBXFileReference; lastKnownFileType = sourcecode.c.h; path = ViewController.h; sourceTree = "<group>"; };
		1E1F450C1B37F98300173880 /* ViewController.m */ = {isa = PBXFileReference; lastKnownFileType = sourcecode.c.objc; path = ViewController.m; sourceTree = "<group>"; };
		1E1F450F1B37F98300173880 /* Base */ = {isa = PBXFileReference; lastKnownFileType = file.storyboard; name = Base; path = Base.lproj/Main.storyboard; sourceTree = "<group>"; };
		1E1F45111B37F98300173880 /* Images.xcassets */ = {isa = PBXFileReference; lastKnownFileType = folder.assetcatalog; path = Images.xcassets; sourceTree = "<group>"; };
		1E1F45141B37F98300173880 /* Base */ = {isa = PBXFileReference; lastKnownFileType = file.xib; name = Base; path = Base.lproj/LaunchScreen.xib; sourceTree = "<group>"; };
		1E1F451A1B37F98300173880 /* NiceCellDemoTests.xctest */ = {isa = PBXFileReference; explicitFileType = wrapper.cfbundle; includeInIndex = 0; path = NiceCellDemoTests.xctest; sourceTree = BUILT_PRODUCTS_DIR; };
		1E1F451F1B37F98300173880 /* Info.plist */ = {isa = PBXFileReference; lastKnownFileType = text.plist.xml; path = Info.plist; sourceTree = "<group>"; };
		1E1F45201B37F98300173880 /* NiceCellDemoTests.m */ = {isa = PBXFileReference; lastKnownFileType = sourcecode.c.objc; path = NiceCellDemoTests.m; sourceTree = "<group>"; };
/* End PBXFileReference section */

/* Begin PBXFrameworksBuildPhase section */
		1E1F44FE1B37F98300173880 /* Frameworks */ = {
			isa = PBXFrameworksBuildPhase;
			buildActionMask = 2147483647;
			files = (
			);
			runOnlyForDeploymentPostprocessing = 0;
		};
		1E1F45171B37F98300173880 /* Frameworks */ = {
			isa = PBXFrameworksBuildPhase;
			buildActionMask = 2147483647;
			files = (
			);
			runOnlyForDeploymentPostprocessing = 0;
		};
/* End PBXFrameworksBuildPhase section */

/* Begin PBXGroup section */
		1E1F44F81B37F98300173880 = {
			isa = PBXGroup;
			children = (
				1E1F45031B37F98300173880 /* NiceCellDemo */,
				1E1F451D1B37F98300173880 /* NiceCellDemoTests */,
				1E1F45021B37F98300173880 /* Products */,
			);
			sourceTree = "<group>";
		};
		1E1F45021B37F98300173880 /* Products */ = {
			isa = PBXGroup;
			children = (
				1E1F45011B37F98300173880 /* NiceCellDemo.app */,
				1E1F451A1B37F98300173880 /* NiceCellDemoTests.xctest */,
			);
			name = Products;
			sourceTree = "<group>";
		};
		1E1F45031B37F98300173880 /* NiceCellDemo */ = {
			isa = PBXGroup;
			children = (
				1E1F45081B37F98300173880 /* AppDelegate.h */,
				1E1F45091B37F98300173880 /* AppDelegate.m */,
				1E1F450B1B37F98300173880 /* ViewController.h */,
				1E1F450C1B37F98300173880 /* ViewController.m */,
				1E1F450E1B37F98300173880 /* Main.storyboard */,
				1E1F45111B37F98300173880 /* Images.xcassets */,
				1E1F45131B37F98300173880 /* LaunchScreen.xib */,
				1E1F45041B37F98300173880 /* Supporting Files */,
			);
			path = NiceCellDemo;
			sourceTree = "<group>";
		};
		1E1F45041B37F98300173880 /* Supporting Files */ = {
			isa = PBXGroup;
			children = (
				1E1F45051B37F98300173880 /* Info.plist */,
				1E1F45061B37F98300173880 /* main.m */,
			);
			name = "Supporting Files";
			sourceTree = "<group>";
		};
		1E1F451D1B37F98300173880 /* NiceCellDemoTests */ = {
			isa = PBXGroup;
			children = (
				1E1F45201B37F98300173880 /* NiceCellDemoTests.m */,
				1E1F451E1B37F98300173880 /* Supporting Files */,
			);
			path = NiceCellDemoTests;
			sourceTree = "<group>";
		};
		1E1F451E1B37F98300173880 /* Supporting Files */ = {
			isa = PBXGroup;
			children = (
				1E1F451F1B37F98300173880 /* Info.plist */,
			);
			name = "Supporting Files";
			sourceTree = "<group>";
		};
/* End PBXGroup section */

/* Begin PBXNativeTarget section */
		1E1F45001B37F98300173880 /* NiceCellDemo */ = {
			isa = PBXNativeTarget;
			buildConfigurationList = 1E1F45241B37F98300173880 /* Build configuration list for PBXNativeTarget "NiceCellDemo" */;
			buildPhases = (
				1E1F44FD1B37F98300173880 /* Sources */,
				1E1F44FE1B37F98300173880 /* Frameworks */,
				1E1F44FF1B37F98300173880 /* Resources */,
			);
			buildRules = (
			);
			dependencies = (
			);
			name = NiceCellDemo;
			productName = NiceCellDemo;
			productReference = 1E1F45011B37F98300173880 /* NiceCellDemo.app */;
			productType = "com.apple.product-type.application";
		};
		1E1F45191B37F98300173880 /* NiceCellDemoTests */ = {
			isa = PBXNativeTarget;
			buildConfigurationList = 1E1F45271B37F98300173880 /* Build configuration list for PBXNativeTarget "NiceCellDemoTests" */;
			buildPhases = (
				1E1F45161B37F98300173880 /* Sources */,
				1E1F45171B37F98300173880 /* Frameworks */,
				1E1F45181B37F98300173880 /* Resources */,
			);
			buildRules = (
			);
			dependencies = (
				1E1F451C1B37F98300173880 /* PBXTargetDependency */,
			);
			name = NiceCellDemoTests;
			productName = NiceCellDemoTests;
			productReference = 1E1F451A1B37F98300173880 /* NiceCellDemoTests.xctest */;
			productType = "com.apple.product-type.bundle.unit-test";
		};
/* End PBXNativeTarget section */

/* Begin PBXProject section */
		1E1F44F91B37F98300173880 /* Project object */ = {
			isa = PBXProject;
			attributes = {
				LastUpgradeCheck = 0610;
				ORGANIZATIONNAME = IOS;
				TargetAttributes = {
					1E1F45001B37F98300173880 = {
						CreatedOnToolsVersion = 6.1.1;
					};
					1E1F45191B37F98300173880 = {
						CreatedOnToolsVersion = 6.1.1;
						TestTargetID = 1E1F45001B37F98300173880;
					};
				};
			};
			buildConfigurationList = 1E1F44FC1B37F98300173880 /* Build configuration list for PBXProject "NiceCellDemo" */;
			compatibilityVersion = "Xcode 3.2";
			developmentRegion = English;
			hasScannedForEncodings = 0;
			knownRegions = (
				en,
				Base,
			);
			mainGroup = 1E1F44F81B37F98300173880;
			productRefGroup = 1E1F45021B37F98300173880 /* Products */;
			projectDirPath = "";
			projectRoot = "";
			targets = (
				1E1F45001B37F98300173880 /* NiceCellDemo */,
				1E1F45191B37F98300173880 /* NiceCellDemoTests */,
			);
		};
/* End PBXProject section */

/* Begin PBXResourcesBuildPhase section */
		1E1F44FF1B37F98300173880 /* Resources */ = {
			isa = PBXResourcesBuildPhase;
			buildActionMask = 2147483647;
			files = (
				1E1F45101B37F98300173880 /* Main.storyboard in Resources */,
				1E1F45151B37F98300173880 /* LaunchScreen.xib in Resources */,
				1E1F45121B37F98300173880 /* Images.xcassets in Resources */,
			);
			runOnlyForDeploymentPostprocessing = 0;
		};
		1E1F45181B37F98300173880 /* Resources */ = {
			isa = PBXResourcesBuildPhase;
			buildActionMask = 2147483647;
			files = (
			);
			runOnlyForDeploymentPostprocessing = 0;
		};
/* End PBXResourcesBuildPhase section */

/* Begin PBXSourcesBuildPhase section */
		1E1F44FD1B37F98300173880 /* Sources */ = {
			isa = PBXSourcesBuildPhase;
			buildActionMask = 2147483647;
			files = (
				1E1F450D1B37F98300173880 /* ViewController.m in Sources */,
				1E1F450A1B37F98300173880 /* AppDelegate.m in Sources */,
				1E1F45071B37F98300173880 /* main.m in Sources */,
			);
			runOnlyForDeploymentPostprocessing = 0;
		};
		1E1F45161B37F98300173880 /* Sources */ = {
			isa = PBXSourcesBuildPhase;
			buildActionMask = 2147483647;
			files = (
				1E1F45211B37F98300173880 /* NiceCellDemoTests.m in Sources */,
			);
			runOnlyForDeploymentPostprocessing = 0;
		};
/* End PBXSourcesBuildPhase section */

/* Begin PBXTargetDependency section */
		1E1F451C1B37F98300173880 /* PBXTargetDependency */ = {
			isa = PBXTargetDependency;
			target = 1E1F45001B37F98300173880 /* NiceCellDemo */;
			targetProxy = 1E1F451B1B37F98300173880 /* PBXContainerItemProxy */;
		};
/* End PBXTargetDependency section */

/* Begin PBXVariantGroup section */
		1E1F450E1B37F98300173880 /* Main.storyboard */ = {
			isa = PBXVariantGroup;
			children = (
				1E1F450F1B37F98300173880 /* Base */,
			);
			name = Main.storyboard;
			sourceTree = "<group>";
		};
		1E1F45131B37F98300173880 /* LaunchScreen.xib */ = {
			isa = PBXVariantGroup;
			children = (
				1E1F45141B37F98300173880 /* Base */,
			);
			name = LaunchScreen.xib;
			sourceTree = "<group>";
		};
/* End PBXVariantGroup section */

/* Begin XCBuildConfiguration section */
		1E1F45221B37F98300173880 /* Debug */ = {
			isa = XCBuildConfiguration;
			buildSettings = {
				ALWAYS_SEARCH_USER_PATHS = NO;
				CLANG_CXX_LANGUAGE_STANDARD = "gnu++0x";
				CLANG_CXX_LIBRARY = "libc++";
				CLANG_ENABLE_MODULES = YES;
				CLANG_ENABLE_OBJC_ARC = YES;
				CLANG_WARN_BOOL_CONVERSION = YES;
				CLANG_WARN_CONSTANT_CONVERSION = YES;
				CLANG_WARN_DIRECT_OBJC_ISA_USAGE = YES_ERROR;
				CLANG_WARN_EMPTY_BODY = YES;
				CLANG_WARN_ENUM_CONVERSION = YES;
				CLANG_WARN_INT_CONVERSION = YES;
				CLANG_WARN_OBJC_ROOT_CLASS = YES_ERROR;
				CLANG_WARN_UNREACHABLE_CODE = YES;
				CLANG_WARN__DUPLICATE_METHOD_MATCH = YES;
				"CODE_SIGN_IDENTITY[sdk=iphoneos*]" = "iPhone Developer";
				COPY_PHASE_STRIP = NO;
				ENABLE_STRICT_OBJC_MSGSEND = YES;
				GCC_C_LANGUAGE_STANDARD = gnu99;
				GCC_DYNAMIC_NO_PIC = NO;
				GCC_OPTIMIZATION_LEVEL = 0;
				GCC_PREPROCESSOR_DEFINITIONS = (
					"DEBUG=1",
					"$(inherited)",
				);
				GCC_SYMBOLS_PRIVATE_EXTERN = NO;
				GCC_WARN_64_TO_32_BIT_CONVERSION = YES;
				GCC_WARN_ABOUT_RETURN_TYPE = YES_ERROR;
				GCC_WARN_UNDECLARED_SELECTOR = YES;
				GCC_WARN_UNINITIALIZED_AUTOS = YES_AGGRESSIVE;
				GCC_WARN_UNUSED_FUNCTION = YES;
				GCC_WARN_UNUSED_VARIABLE = YES;
				IPHONEOS_DEPLOYMENT_TARGET = 8.1;
				MTL_ENABLE_DEBUG_INFO = YES;
				ONLY_ACTIVE_ARCH = YES;
				SDKROOT = iphoneos;
			};
			name = Debug;
		};
		1E1F45231B37F98300173880 /* Release */ = {
			isa = XCBuildConfiguration;
			buildSettings = {
				ALWAYS_SEARCH_USER_PATHS = NO;
				CLANG_CXX_LANGUAGE_STANDARD = "gnu++0x";
				CLANG_CXX_LIBRARY = "libc++";
				CLANG_ENABLE_MODULES = YES;
				CLANG_ENABLE_OBJC_ARC = YES;
				CLANG_WARN_BOOL_CONVERSION = YES;
				CLANG_WARN_CONSTANT_CONVERSION = YES;
				CLANG_WARN_DIRECT_OBJC_ISA_USAGE = YES_ERROR;
				CLANG_WARN_EMPTY_BODY = YES;
				CLANG_WARN_ENUM_CONVERSION = YES;
				CLANG_WARN_INT_CONVERSION = YES;
				CLANG_WARN_OBJC_ROOT_CLASS = YES_ERROR;
				CLANG_WARN_UNREACHABLE_CODE = YES;
				CLANG_WARN__DUPLICATE_METHOD_MATCH = YES;
				"CODE_SIGN_IDENTITY[sdk=iphoneos*]" = "iPhone Developer";
				COPY_PHASE_STRIP = YES;
				ENABLE_NS_ASSERTIONS = NO;
				ENABLE_STRICT_OBJC_MSGSEND = YES;
				GCC_C_LANGUAGE_STANDARD = gnu99;
				GCC_WARN_64_TO_32_BIT_CONVERSION = YES;
				GCC_WARN_ABOUT_RETURN_TYPE = YES_ERROR;
				GCC_WARN_UNDECLARED_SELECTOR = YES;
				GCC_WARN_UNINITIALIZED_AUTOS = YES_AGGRESSIVE;
				GCC_WARN_UNUSED_FUNCTION = YES;
				GCC_WARN_UNUSED_VARIABLE = YES;
				IPHONEOS_DEPLOYMENT_TARGET = 8.1;
				MTL_ENABLE_DEBUG_INFO = NO;
				SDKROOT = iphoneos;
				VALIDATE_PRODUCT = YES;
			};
			name = Release;
		};
		1E1F45251B37F98300173880 /* Debug */ = {
			isa = XCBuildConfiguration;
			buildSettings = {
				ASSETCATALOG_COMPILER_APPICON_NAME = AppIcon;
				INFOPLIST_FILE = NiceCellDemo/Info.plist;
				LD_RUNPATH_SEARCH_PATHS = "$(inherited) @executable_path/Frameworks";
				PRODUCT_NAME = "$(TARGET_NAME)";
			};
			name = Debug;
		};
		1E1F45261B37F98300173880 /* Release */ = {
			isa = XCBuildConfiguration;
			buildSettings = {
				ASSETCATALOG_COMPILER_APPICON_NAME = AppIcon;
				INFOPLIST_FILE = NiceCellDemo/Info.plist;
				LD_RUNPATH_SEARCH_PATHS = "$(inherited) @executable_path/Frameworks";
				PRODUCT_NAME = "$(TARGET_NAME)";
			};
			name = Release;
		};
		1E1F45281B37F98300173880 /* Debug */ = {
			isa = XCBuildConfiguration;
			buildSettings = {
				BUNDLE_LOADER = "$(TEST_HOST)";
				FRAMEWORK_SEARCH_PATHS = (
					"$(SDKROOT)/Developer/Library/Frameworks",
					"$(inherited)",
				);
				GCC_PREPROCESSOR_DEFINITIONS = (
					"DEBUG=1",
					"$(inherited)",
				);
				INFOPLIST_FILE = NiceCellDemoTests/Info.plist;
				LD_RUNPATH_SEARCH_PATHS = "$(inherited) @executable_path/Frameworks @loader_path/Frameworks";
				PRODUCT_NAME = "$(TARGET_NAME)";
				TEST_HOST = "$(BUILT_PRODUCTS_DIR)/NiceCellDemo.app/NiceCellDemo";
			};
			name = Debug;
		};
		1E1F45291B37F98300173880 /* Release */ = {
			isa = XCBuildConfiguration;
			buildSettings = {
				BUNDLE_LOADER = "$(TEST_HOST)";
				FRAMEWORK_SEARCH_PATHS = (
					"$(SDKROOT)/Developer/Library/Frameworks",
					"$(inherited)",
				);
				INFOPLIST_FILE = NiceCellDemoTests/Info.plist;
				LD_RUNPATH_SEARCH_PATHS = "$(inherited) @executable_path/Frameworks @loader_path/Frameworks";
				PRODUCT_NAME = "$(TARGET_NAME)";
				TEST_HOST = "$(BUILT_PRODUCTS_DIR)/NiceCellDemo.app/NiceCellDemo";
			};
			name = Release;
		};
/* End XCBuildConfiguration section */

/* Begin XCConfigurationList section */
		1E1F44FC1B37F98300173880 /* Build configuration list for PBXProject "NiceCellDemo" */ = {
			isa = XCConfigurationList;
			buildConfigurations = (
				1E1F45221B37F98300173880 /* Debug */,
				1E1F45231B37F98300173880 /* Release */,
			);
			defaultConfigurationIsVisible = 0;
			defaultConfigurationName = Release;
		};
		1E1F45241B37F98300173880 /* Build configuration list for PBXNativeTarget "NiceCellDemo" */ = {
			isa = XCConfigurationList;
			buildConfigurations = (
				1E1F45251B37F98300173880 /* Debug */,
				1E1F45261B37F98300173880 /* Release */,
			);
			defaultConfigurationIsVisible = 0;
		};
		1E1F45271B37F98300173880 /* Build configuration list for PBXNativeTarget "NiceCellDemoTests" */ = {
			isa = XCConfigurationList;
			buildConfigurations = (
				1E1F45281B37F98300173880 /* Debug */,
				1E1F45291B37F98300173880 /* Release */,
			);
			defaultConfigurationIsVisible = 0;
		};
/* End XCConfigurationList section */
	};
	rootObject = 1E1F44F91B37F98300173880 /* Project object */;
}
